
Microsoft Visual Studio Solution File, Format Version 12.00
# Visual Studio 15
VisualStudioVersion = 15.0.28307.136
MinimumVisualStudioVersion = 10.0.40219.1
Project("{8BC9CEB8-8B4A-11D0-8D11-00A0C91BC942}") = "NumberProject", "NumberProject\NumberProject.vcxproj", "{6B5E8725-F8F4-4430-93BE-27C86FFBC77C}"
EndProject
Global
	GlobalSection(SolutionConfigurationPlatforms) = preSolution
		Debug|x64 = Debug|x64
		Debug|x86 = Debug|x86
		Release|x64 = Release|x64
		Release|x86 = Release|x86
	EndGlobalSection
	GlobalSection(ProjectConfigurationPlatforms) = postSolution
		{6B5E8725-F8F4-4430-93BE-27C86FFBC77C}.Debug|x64.ActiveCfg = Debug|x64
		{6B5E8725-F8F4-4430-93BE-27C86FFBC77C}.Debug|x64.Build.0 = Debug|x64
		{6B5E8725-F8F4-4430-93BE-27C86FFBC77C}.Debug|x86.ActiveCfg = Debug|Win32
		{6B5E8725-F8F4-4430-93BE-27C86FFBC77C}.Debug|x86.Build.0 = Debug|Win32
		{6B5E8725-F8F4-4430-93BE-27C86FFBC77C}.Release|x64.ActiveCfg = Release|x64
		{6B5E8725-F8F4-4430-93BE-27C86FFBC77C}.Release|x64.Build.0 = Release|x64
		{6B5E8725-F8F4-4430-93BE-27C86FFBC77C}.Release|x86.ActiveCfg = Release|Win32
		{6B5E8725-F8F4-4430-93BE-27C86FFBC77C}.Release|x86.Build.0 = Release|Win32
	EndGlobalSection
	GlobalSection(SolutionProperties) = preSolution
		HideSolutionNode = FALSE
	EndGlobalSection
	GlobalSection(ExtensibilityGlobals) = postSolution
		SolutionGuid = {ADA2F67C-5F82-4028-BEAB-291B6FF2ABD7}
	EndGlobalSection
EndGlobal
